
Microsoft Visual Studio Solution File, Format Version 12.00
# Visual Studio Version 16
VisualStudioVersion = 16.0.30114.105
MinimumVisualStudioVersion = 10.0.40219.1
Project("{2150E333-8FDC-42A3-9474-1A3956D46DE8}") = "src", "src", "{A593CC6E-0BA7-411C-917A-82A414FCDCF9}"
EndProject
Project("{FAE04EC0-301F-11D3-BF4B-00C04F79EFBC}") = "ExtensionGen", "src\ExtensionGen\ExtensionGen.csproj", "{C0DA41F3-9B7F-4204-B5B4-FCFA988650E2}"
EndProject
Project("{FAE04EC0-301F-11D3-BF4B-00C04F79EFBC}") = "TestApp", "src\TestApp\TestApp.csproj", "{1CF74549-8767-4C10-A770-7F8F2B475991}"
EndProject
Global
	GlobalSection(SolutionConfigurationPlatforms) = preSolution
		Debug|Any CPU = Debug|Any CPU
		Release|Any CPU = Release|Any CPU
	EndGlobalSection
	GlobalSection(SolutionProperties) = preSolution
		HideSolutionNode = FALSE
	EndGlobalSection
	GlobalSection(ProjectConfigurationPlatforms) = postSolution
		{C0DA41F3-9B7F-4204-B5B4-FCFA988650E2}.Debug|Any CPU.ActiveCfg = Debug|Any CPU
		{C0DA41F3-9B7F-4204-B5B4-FCFA988650E2}.Debug|Any CPU.Build.0 = Debug|Any CPU
		{C0DA41F3-9B7F-4204-B5B4-FCFA988650E2}.Release|Any CPU.ActiveCfg = Release|Any CPU
		{C0DA41F3-9B7F-4204-B5B4-FCFA988650E2}.Release|Any CPU.Build.0 = Release|Any CPU
		{1CF74549-8767-4C10-A770-7F8F2B475991}.Debug|Any CPU.ActiveCfg = Debug|Any CPU
		{1CF74549-8767-4C10-A770-7F8F2B475991}.Debug|Any CPU.Build.0 = Debug|Any CPU
		{1CF74549-8767-4C10-A770-7F8F2B475991}.Release|Any CPU.ActiveCfg = Release|Any CPU
		{1CF74549-8767-4C10-A770-7F8F2B475991}.Release|Any CPU.Build.0 = Release|Any CPU
	EndGlobalSection
	GlobalSection(NestedProjects) = preSolution
		{C0DA41F3-9B7F-4204-B5B4-FCFA988650E2} = {A593CC6E-0BA7-411C-917A-82A414FCDCF9}
		{1CF74549-8767-4C10-A770-7F8F2B475991} = {A593CC6E-0BA7-411C-917A-82A414FCDCF9}
	EndGlobalSection
EndGlobal
